
Microsoft Visual Studio Solution File, Format Version 12.00
# Visual Studio Version 16
VisualStudioVersion = 16.0.29326.143
MinimumVisualStudioVersion = 10.0.40219.1
Project("{FAE04EC0-301F-11D3-BF4B-00C04F79EFBC}") = "Aps_v1", "Aps_v1\Aps_v1.csproj", "{2617A47C-2851-43C5-891F-03A4E7C8440A}"
EndProject
Global
	GlobalSection(SolutionConfigurationPlatforms) = preSolution
		Debug|Any CPU = Debug|Any CPU
		Release|Any CPU = Release|Any CPU
	EndGlobalSection
	GlobalSection(ProjectConfigurationPlatforms) = postSolution
		{2617A47C-2851-43C5-891F-03A4E7C8440A}.Debug|Any CPU.ActiveCfg = Debug|Any CPU
		{2617A47C-2851-43C5-891F-03A4E7C8440A}.Debug|Any CPU.Build.0 = Debug|Any CPU
		{2617A47C-2851-43C5-891F-03A4E7C8440A}.Release|Any CPU.ActiveCfg = Release|Any CPU
		{2617A47C-2851-43C5-891F-03A4E7C8440A}.Release|Any CPU.Build.0 = Release|Any CPU
	EndGlobalSection
	GlobalSection(SolutionProperties) = preSolution
		HideSolutionNode = FALSE
	EndGlobalSection
	GlobalSection(ExtensibilityGlobals) = postSolution
		SolutionGuid = {0BCCB63F-D020-4E5F-87B6-DD3ACB4C8FFA}
	EndGlobalSection
EndGlobal
